
Microsoft Visual Studio Solution File, Format Version 12.00
# Visual Studio Version 16
VisualStudioVersion = 16.0.30907.101
MinimumVisualStudioVersion = 10.0.40219.1
Project("{9A19103F-16F7-4668-BE54-9A1E7A4F7556}") = "SmartHouse.WindowsForms", "SmartHouse.WindowsForms\SmartHouse.WindowsForms.csproj", "{49AE265F-CAAC-4062-9038-547B049A1A86}"
EndProject
Project("{FAE04EC0-301F-11D3-BF4B-00C04F79EFBC}") = "SmartHouse.Presentation", "SmartHouse.Presentation\SmartHouse.Presentation.csproj", "{0CFEF431-CCA8-4862-9771-4C61D0FAD430}"
EndProject
Project("{FAE04EC0-301F-11D3-BF4B-00C04F79EFBC}") = "SmartHouse.DomainModel", "SmartHouse.DomainModel\SmartHouse.DomainModel.csproj", "{2EBEDFE8-2D1A-45BF-AF31-FDA1FEA3D4A5}"
EndProject
Global
	GlobalSection(SolutionConfigurationPlatforms) = preSolution
		Debug|Any CPU = Debug|Any CPU
		Release|Any CPU = Release|Any CPU
	EndGlobalSection
	GlobalSection(ProjectConfigurationPlatforms) = postSolution
		{49AE265F-CAAC-4062-9038-547B049A1A86}.Debug|Any CPU.ActiveCfg = Debug|Any CPU
		{49AE265F-CAAC-4062-9038-547B049A1A86}.Debug|Any CPU.Build.0 = Debug|Any CPU
		{49AE265F-CAAC-4062-9038-547B049A1A86}.Release|Any CPU.ActiveCfg = Release|Any CPU
		{49AE265F-CAAC-4062-9038-547B049A1A86}.Release|Any CPU.Build.0 = Release|Any CPU
		{0CFEF431-CCA8-4862-9771-4C61D0FAD430}.Debug|Any CPU.ActiveCfg = Debug|Any CPU
		{0CFEF431-CCA8-4862-9771-4C61D0FAD430}.Debug|Any CPU.Build.0 = Debug|Any CPU
		{0CFEF431-CCA8-4862-9771-4C61D0FAD430}.Release|Any CPU.ActiveCfg = Release|Any CPU
		{0CFEF431-CCA8-4862-9771-4C61D0FAD430}.Release|Any CPU.Build.0 = Release|Any CPU
		{2EBEDFE8-2D1A-45BF-AF31-FDA1FEA3D4A5}.Debug|Any CPU.ActiveCfg = Debug|Any CPU
		{2EBEDFE8-2D1A-45BF-AF31-FDA1FEA3D4A5}.Debug|Any CPU.Build.0 = Debug|Any CPU
		{2EBEDFE8-2D1A-45BF-AF31-FDA1FEA3D4A5}.Release|Any CPU.ActiveCfg = Release|Any CPU
		{2EBEDFE8-2D1A-45BF-AF31-FDA1FEA3D4A5}.Release|Any CPU.Build.0 = Release|Any CPU
	EndGlobalSection
	GlobalSection(SolutionProperties) = preSolution
		HideSolutionNode = FALSE
	EndGlobalSection
	GlobalSection(ExtensibilityGlobals) = postSolution
		SolutionGuid = {8C9E9716-00C4-4230-BEEA-5ECED3737290}
	EndGlobalSection
EndGlobal
